
Microsoft Visual Studio Solution File, Format Version 12.00
# Visual Studio 15
VisualStudioVersion = 15.0.28010.2036
MinimumVisualStudioVersion = 10.0.40219.1
Project("{FAE04EC0-301F-11D3-BF4B-00C04F79EFBC}") = "KingKeeper", "KingKeeper\KingKeeper.csproj", "{B20FD089-B220-42E7-BFE2-E7CC43B9A0F6}"
EndProject
Project("{FAE04EC0-301F-11D3-BF4B-00C04F79EFBC}") = "KingKeeperCore", "KingKeeperCore\KingKeeperCore.csproj", "{387377A8-57AE-43DB-8B78-D66EF5AF3B00}"
EndProject
Global
	GlobalSection(SolutionConfigurationPlatforms) = preSolution
		Debug|Any CPU = Debug|Any CPU
		Release|Any CPU = Release|Any CPU
	EndGlobalSection
	GlobalSection(ProjectConfigurationPlatforms) = postSolution
		{B20FD089-B220-42E7-BFE2-E7CC43B9A0F6}.Debug|Any CPU.ActiveCfg = Debug|Any CPU
		{B20FD089-B220-42E7-BFE2-E7CC43B9A0F6}.Debug|Any CPU.Build.0 = Debug|Any CPU
		{B20FD089-B220-42E7-BFE2-E7CC43B9A0F6}.Release|Any CPU.ActiveCfg = Release|Any CPU
		{B20FD089-B220-42E7-BFE2-E7CC43B9A0F6}.Release|Any CPU.Build.0 = Release|Any CPU
		{387377A8-57AE-43DB-8B78-D66EF5AF3B00}.Debug|Any CPU.ActiveCfg = Debug|Any CPU
		{387377A8-57AE-43DB-8B78-D66EF5AF3B00}.Debug|Any CPU.Build.0 = Debug|Any CPU
		{387377A8-57AE-43DB-8B78-D66EF5AF3B00}.Release|Any CPU.ActiveCfg = Release|Any CPU
		{387377A8-57AE-43DB-8B78-D66EF5AF3B00}.Release|Any CPU.Build.0 = Release|Any CPU
	EndGlobalSection
	GlobalSection(SolutionProperties) = preSolution
		HideSolutionNode = FALSE
	EndGlobalSection
	GlobalSection(ExtensibilityGlobals) = postSolution
		SolutionGuid = {7811F501-D600-45F4-8F27-764F2037CD09}
	EndGlobalSection
EndGlobal
